// !$*UTF8*$!
{
	archiveVersion = 1;
	classes = {
	};
	objectVersion = 50;
	objects = {

/* Begin PBXBuildFile section */
		E459B8FB25ED0E7300EA735F /* main.m in Sources */ = {isa = PBXBuildFile; fileRef = E459B8FA25ED0E7300EA735F /* main.m */; };
		E483CE16260C91D40061EFEF /* SRAnimal.m in Sources */ = {isa = PBXBuildFile; fileRef = E483CE15260C91D40061EFEF /* SRAnimal.m */; };
		E483CE1A260C91EE0061EFEF /* SRHamster.m in Sources */ = {isa = PBXBuildFile; fileRef = E483CE19260C91EE0061EFEF /* SRHamster.m */; };
		E483CE1E260C91FF0061EFEF /* SRDog.m in Sources */ = {isa = PBXBuildFile; fileRef = E483CE1D260C91FF0061EFEF /* SRDog.m */; };
		E483CE22260C92310061EFEF /* SRRabit.m in Sources */ = {isa = PBXBuildFile; fileRef = E483CE21260C92310061EFEF /* SRRabit.m */; };
		E483CE2C260C95560061EFEF /* SRZooManager.m in Sources */ = {isa = PBXBuildFile; fileRef = E483CE2B260C95560061EFEF /* SRZooManager.m */; };
/* End PBXBuildFile section */

/* Begin PBXCopyFilesBuildPhase section */
		E459B8F525ED0E7300EA735F /* CopyFiles */ = {
			isa = PBXCopyFilesBuildPhase;
			buildActionMask = 2147483647;
			dstPath = /usr/share/man/man1/;
			dstSubfolderSpec = 0;
			files = (
			);
			runOnlyForDeploymentPostprocessing = 1;
		};
/* End PBXCopyFilesBuildPhase section */

/* Begin PBXFileReference section */
		E459B8F725ED0E7300EA735F /* BaseProject */ = {isa = PBXFileReference; explicitFileType = "compiled.mach-o.executable"; includeInIndex = 0; path = BaseProject; sourceTree = BUILT_PRODUCTS_DIR; };
		E459B8FA25ED0E7300EA735F /* main.m */ = {isa = PBXFileReference; lastKnownFileType = sourcecode.c.objc; path = main.m; sourceTree = "<group>"; };
		E483CE14260C91D40061EFEF /* SRAnimal.h */ = {isa = PBXFileReference; lastKnownFileType = sourcecode.c.h; path = SRAnimal.h; sourceTree = "<group>"; };
		E483CE15260C91D40061EFEF /* SRAnimal.m */ = {isa = PBXFileReference; lastKnownFileType = sourcecode.c.objc; path = SRAnimal.m; sourceTree = "<group>"; };
		E483CE18260C91EE0061EFEF /* SRHamster.h */ = {isa = PBXFileReference; lastKnownFileType = sourcecode.c.h; path = SRHamster.h; sourceTree = "<group>"; };
		E483CE19260C91EE0061EFEF /* SRHamster.m */ = {isa = PBXFileReference; lastKnownFileType = sourcecode.c.objc; path = SRHamster.m; sourceTree = "<group>"; };
		E483CE1C260C91FF0061EFEF /* SRDog.h */ = {isa = PBXFileReference; lastKnownFileType = sourcecode.c.h; path = SRDog.h; sourceTree = "<group>"; };
		E483CE1D260C91FF0061EFEF /* SRDog.m */ = {isa = PBXFileReference; lastKnownFileType = sourcecode.c.objc; path = SRDog.m; sourceTree = "<group>"; };
		E483CE20260C92310061EFEF /* SRRabit.h */ = {isa = PBXFileReference; lastKnownFileType = sourcecode.c.h; path = SRRabit.h; sourceTree = "<group>"; };
		E483CE21260C92310061EFEF /* SRRabit.m */ = {isa = PBXFileReference; lastKnownFileType = sourcecode.c.objc; path = SRRabit.m; sourceTree = "<group>"; };
		E483CE2A260C95560061EFEF /* SRZooManager.h */ = {isa = PBXFileReference; lastKnownFileType = sourcecode.c.h; path = SRZooManager.h; sourceTree = "<group>"; };
		E483CE2B260C95560061EFEF /* SRZooManager.m */ = {isa = PBXFileReference; lastKnownFileType = sourcecode.c.objc; path = SRZooManager.m; sourceTree = "<group>"; };
		E49323C425EDE43C00F720DC /* README.md */ = {isa = PBXFileReference; lastKnownFileType = net.daringfireball.markdown; path = README.md; sourceTree = "<group>"; };
/* End PBXFileReference section */

/* Begin PBXFrameworksBuildPhase section */
		E459B8F425ED0E7300EA735F /* Frameworks */ = {
			isa = PBXFrameworksBuildPhase;
			buildActionMask = 2147483647;
			files = (
			);
			runOnlyForDeploymentPostprocessing = 0;
		};
/* End PBXFrameworksBuildPhase section */

/* Begin PBXGroup section */
		E459B8EE25ED0E7300EA735F = {
			isa = PBXGroup;
			children = (
				E49323C425EDE43C00F720DC /* README.md */,
				E459B8F925ED0E7300EA735F /* BaseProject */,
				E459B8F825ED0E7300EA735F /* Products */,
			);
			sourceTree = "<group>";
		};
		E459B8F825ED0E7300EA735F /* Products */ = {
			isa = PBXGroup;
			children = (
				E459B8F725ED0E7300EA735F /* BaseProject */,
			);
			name = Products;
			sourceTree = "<group>";
		};
		E459B8F925ED0E7300EA735F /* BaseProject */ = {
			isa = PBXGroup;
			children = (
				E483CE24260C92390061EFEF /* Example */,
				E459B8FA25ED0E7300EA735F /* main.m */,
			);
			path = BaseProject;
			sourceTree = "<group>";
		};
		E483CE24260C92390061EFEF /* Example */ = {
			isa = PBXGroup;
			children = (
				E483CE26260C92650061EFEF /* subclass */,
				E483CE25260C925A0061EFEF /* superclass */,
				E483CE2A260C95560061EFEF /* SRZooManager.h */,
				E483CE2B260C95560061EFEF /* SRZooManager.m */,
			);
			path = Example;
			sourceTree = "<group>";
		};
		E483CE25260C925A0061EFEF /* superclass */ = {
			isa = PBXGroup;
			children = (
				E483CE14260C91D40061EFEF /* SRAnimal.h */,
				E483CE15260C91D40061EFEF /* SRAnimal.m */,
			);
			path = superclass;
			sourceTree = "<group>";
		};
		E483CE26260C92650061EFEF /* subclass */ = {
			isa = PBXGroup;
			children = (
				E483CE18260C91EE0061EFEF /* SRHamster.h */,
				E483CE19260C91EE0061EFEF /* SRHamster.m */,
				E483CE1C260C91FF0061EFEF /* SRDog.h */,
				E483CE1D260C91FF0061EFEF /* SRDog.m */,
				E483CE20260C92310061EFEF /* SRRabit.h */,
				E483CE21260C92310061EFEF /* SRRabit.m */,
			);
			path = subclass;
			sourceTree = "<group>";
		};
/* End PBXGroup section */

/* Begin PBXNativeTarget section */
		E459B8F625ED0E7300EA735F /* BaseProject */ = {
			isa = PBXNativeTarget;
			buildConfigurationList = E459B8FE25ED0E7300EA735F /* Build configuration list for PBXNativeTarget "BaseProject" */;
			buildPhases = (
				E459B8F325ED0E7300EA735F /* Sources */,
				E459B8F425ED0E7300EA735F /* Frameworks */,
				E459B8F525ED0E7300EA735F /* CopyFiles */,
			);
			buildRules = (
			);
			dependencies = (
			);
			name = BaseProject;
			productName = BaseProject;
			productReference = E459B8F725ED0E7300EA735F /* BaseProject */;
			productType = "com.apple.product-type.tool";
		};
/* End PBXNativeTarget section */

/* Begin PBXProject section */
		E459B8EF25ED0E7300EA735F /* Project object */ = {
			isa = PBXProject;
			attributes = {
				LastUpgradeCheck = 1220;
				TargetAttributes = {
					E459B8F625ED0E7300EA735F = {
						CreatedOnToolsVersion = 12.2;
					};
				};
			};
			buildConfigurationList = E459B8F225ED0E7300EA735F /* Build configuration list for PBXProject "BaseProject" */;
			compatibilityVersion = "Xcode 9.3";
			developmentRegion = en;
			hasScannedForEncodings = 0;
			knownRegions = (
				en,
				Base,
			);
			mainGroup = E459B8EE25ED0E7300EA735F;
			productRefGroup = E459B8F825ED0E7300EA735F /* Products */;
			projectDirPath = "";
			projectRoot = "";
			targets = (
				E459B8F625ED0E7300EA735F /* BaseProject */,
			);
		};
/* End PBXProject section */

/* Begin PBXSourcesBuildPhase section */
		E459B8F325ED0E7300EA735F /* Sources */ = {
			isa = PBXSourcesBuildPhase;
			buildActionMask = 2147483647;
			files = (
				E483CE16260C91D40061EFEF /* SRAnimal.m in Sources */,
				E483CE1E260C91FF0061EFEF /* SRDog.m in Sources */,
				E459B8FB25ED0E7300EA735F /* main.m in Sources */,
				E483CE1A260C91EE0061EFEF /* SRHamster.m in Sources */,
				E483CE22260C92310061EFEF /* SRRabit.m in Sources */,
				E483CE2C260C95560061EFEF /* SRZooManager.m in Sources */,
			);
			runOnlyForDeploymentPostprocessing = 0;
		};
/* End PBXSourcesBuildPhase section */

/* Begin XCBuildConfiguration section */
		E459B8FC25ED0E7300EA735F /* Debug */ = {
			isa = XCBuildConfiguration;
			buildSettings = {
				ALWAYS_SEARCH_USER_PATHS = NO;
				CLANG_ANALYZER_NONNULL = YES;
				CLANG_ANALYZER_NUMBER_OBJECT_CONVERSION = YES_AGGRESSIVE;
				CLANG_CXX_LANGUAGE_STANDARD = "gnu++14";
				CLANG_CXX_LIBRARY = "libc++";
				CLANG_ENABLE_MODULES = YES;
				CLANG_ENABLE_OBJC_ARC = YES;
				CLANG_ENABLE_OBJC_WEAK = YES;
				CLANG_WARN_BLOCK_CAPTURE_AUTORELEASING = YES;
				CLANG_WARN_BOOL_CONVERSION = YES;
				CLANG_WARN_COMMA = YES;
				CLANG_WARN_CONSTANT_CONVERSION = YES;
				CLANG_WARN_DEPRECATED_OBJC_IMPLEMENTATIONS = YES;
				CLANG_WARN_DIRECT_OBJC_ISA_USAGE = YES_ERROR;
				CLANG_WARN_DOCUMENTATION_COMMENTS = YES;
				CLANG_WARN_EMPTY_BODY = YES;
				CLANG_WARN_ENUM_CONVERSION = YES;
				CLANG_WARN_INFINITE_RECURSION = YES;
				CLANG_WARN_INT_CONVERSION = YES;
				CLANG_WARN_NON_LITERAL_NULL_CONVERSION = YES;
				CLANG_WARN_OBJC_IMPLICIT_RETAIN_SELF = YES;
				CLANG_WARN_OBJC_LITERAL_CONVERSION = YES;
				CLANG_WARN_OBJC_ROOT_CLASS = YES_ERROR;
				CLANG_WARN_QUOTED_INCLUDE_IN_FRAMEWORK_HEADER = YES;
				CLANG_WARN_RANGE_LOOP_ANALYSIS = YES;
				CLANG_WARN_STRICT_PROTOTYPES = YES;
				CLANG_WARN_SUSPICIOUS_MOVE = YES;
				CLANG_WARN_UNGUARDED_AVAILABILITY = YES_AGGRESSIVE;
				CLANG_WARN_UNREACHABLE_CODE = YES;
				CLANG_WARN__DUPLICATE_METHOD_MATCH = YES;
				COPY_PHASE_STRIP = NO;
				DEBUG_INFORMATION_FORMAT = dwarf;
				ENABLE_STRICT_OBJC_MSGSEND = YES;
				ENABLE_TESTABILITY = YES;
				GCC_C_LANGUAGE_STANDARD = gnu11;
				GCC_DYNAMIC_NO_PIC = NO;
				GCC_NO_COMMON_BLOCKS = YES;
				GCC_OPTIMIZATION_LEVEL = 0;
				GCC_PREPROCESSOR_DEFINITIONS = (
					"DEBUG=1",
					"$(inherited)",
				);
				GCC_WARN_64_TO_32_BIT_CONVERSION = YES;
				GCC_WARN_ABOUT_RETURN_TYPE = YES_ERROR;
				GCC_WARN_UNDECLARED_SELECTOR = YES;
				GCC_WARN_UNINITIALIZED_AUTOS = YES_AGGRESSIVE;
				GCC_WARN_UNUSED_FUNCTION = YES;
				GCC_WARN_UNUSED_VARIABLE = YES;
				MACOSX_DEPLOYMENT_TARGET = 11.0;
				MTL_ENABLE_DEBUG_INFO = INCLUDE_SOURCE;
				MTL_FAST_MATH = YES;
				ONLY_ACTIVE_ARCH = YES;
				SDKROOT = macosx;
			};
			name = Debug;
		};
		E459B8FD25ED0E7300EA735F /* Release */ = {
			isa = XCBuildConfiguration;
			buildSettings = {
				ALWAYS_SEARCH_USER_PATHS = NO;
				CLANG_ANALYZER_NONNULL = YES;
				CLANG_ANALYZER_NUMBER_OBJECT_CONVERSION = YES_AGGRESSIVE;
				CLANG_CXX_LANGUAGE_STANDARD = "gnu++14";
				CLANG_CXX_LIBRARY = "libc++";
				CLANG_ENABLE_MODULES = YES;
				CLANG_ENABLE_OBJC_ARC = YES;
				CLANG_ENABLE_OBJC_WEAK = YES;
				CLANG_WARN_BLOCK_CAPTURE_AUTORELEASING = YES;
				CLANG_WARN_BOOL_CONVERSION = YES;
				CLANG_WARN_COMMA = YES;
				CLANG_WARN_CONSTANT_CONVERSION = YES;
				CLANG_WARN_DEPRECATED_OBJC_IMPLEMENTATIONS = YES;
				CLANG_WARN_DIRECT_OBJC_ISA_USAGE = YES_ERROR;
				CLANG_WARN_DOCUMENTATION_COMMENTS = YES;
				CLANG_WARN_EMPTY_BODY = YES;
				CLANG_WARN_ENUM_CONVERSION = YES;
				CLANG_WARN_INFINITE_RECURSION = YES;
				CLANG_WARN_INT_CONVERSION = YES;
				CLANG_WARN_NON_LITERAL_NULL_CONVERSION = YES;
				CLANG_WARN_OBJC_IMPLICIT_RETAIN_SELF = YES;
				CLANG_WARN_OBJC_LITERAL_CONVERSION = YES;
				CLANG_WARN_OBJC_ROOT_CLASS = YES_ERROR;
				CLANG_WARN_QUOTED_INCLUDE_IN_FRAMEWORK_HEADER = YES;
				CLANG_WARN_RANGE_LOOP_ANALYSIS = YES;
				CLANG_WARN_STRICT_PROTOTYPES = YES;
				CLANG_WARN_SUSPICIOUS_MOVE = YES;
				CLANG_WARN_UNGUARDED_AVAILABILITY = YES_AGGRESSIVE;
				CLANG_WARN_UNREACHABLE_CODE = YES;
				CLANG_WARN__DUPLICATE_METHOD_MATCH = YES;
				COPY_PHASE_STRIP = NO;
				DEBUG_INFORMATION_FORMAT = "dwarf-with-dsym";
				ENABLE_NS_ASSERTIONS = NO;
				ENABLE_STRICT_OBJC_MSGSEND = YES;
				GCC_C_LANGUAGE_STANDARD = gnu11;
				GCC_NO_COMMON_BLOCKS = YES;
				GCC_WARN_64_TO_32_BIT_CONVERSION = YES;
				GCC_WARN_ABOUT_RETURN_TYPE = YES_ERROR;
				GCC_WARN_UNDECLARED_SELECTOR = YES;
				GCC_WARN_UNINITIALIZED_AUTOS = YES_AGGRESSIVE;
				GCC_WARN_UNUSED_FUNCTION = YES;
				GCC_WARN_UNUSED_VARIABLE = YES;
				MACOSX_DEPLOYMENT_TARGET = 11.0;
				MTL_ENABLE_DEBUG_INFO = NO;
				MTL_FAST_MATH = YES;
				SDKROOT = macosx;
			};
			name = Release;
		};
		E459B8FF25ED0E7300EA735F /* Debug */ = {
			isa = XCBuildConfiguration;
			buildSettings = {
				CODE_SIGN_STYLE = Automatic;
				DEVELOPMENT_TEAM = 8FBBY2SRU5;
				ENABLE_HARDENED_RUNTIME = YES;
				PRODUCT_NAME = "$(TARGET_NAME)";
			};
			name = Debug;
		};
		E459B90025ED0E7300EA735F /* Release */ = {
			isa = XCBuildConfiguration;
			buildSettings = {
				CODE_SIGN_STYLE = Automatic;
				DEVELOPMENT_TEAM = 8FBBY2SRU5;
				ENABLE_HARDENED_RUNTIME = YES;
				PRODUCT_NAME = "$(TARGET_NAME)";
			};
			name = Release;
		};
/* End XCBuildConfiguration section */

/* Begin XCConfigurationList section */
		E459B8F225ED0E7300EA735F /* Build configuration list for PBXProject "BaseProject" */ = {
			isa = XCConfigurationList;
			buildConfigurations = (
				E459B8FC25ED0E7300EA735F /* Debug */,
				E459B8FD25ED0E7300EA735F /* Release */,
			);
			defaultConfigurationIsVisible = 0;
			defaultConfigurationName = Release;
		};
		E459B8FE25ED0E7300EA735F /* Build configuration list for PBXNativeTarget "BaseProject" */ = {
			isa = XCConfigurationList;
			buildConfigurations = (
				E459B8FF25ED0E7300EA735F /* Debug */,
				E459B90025ED0E7300EA735F /* Release */,
			);
			defaultConfigurationIsVisible = 0;
			defaultConfigurationName = Release;
		};
/* End XCConfigurationList section */
	};
	rootObject = E459B8EF25ED0E7300EA735F /* Project object */;
}
